{
  "name": "1-200221143441",
  "lockfileVersion": 2,
  "requires": true,
  "packages": {
    "": {
      "dependencies": {
        "compress-json": "^2.1.2"
      }
    },
    "node_modules/compress-json": {
      "version": "2.1.2",
      "resolved": "https://registry.npmjs.org/compress-json/-/compress-json-2.1.2.tgz",
      "integrity": "sha512-91247RD8bKQXzRmXUS4zGT250mhw86+J9X8w2L2SGtRE7g0CvzjOETFaFmsDdaXPWv8T7L9iiM7kdcnnH3BH7w=="
    }
  },
  "dependencies": {
    "compress-json": {
      "version": "2.1.2",
      "resolved": "https://registry.npmjs.org/compress-json/-/compress-json-2.1.2.tgz",
      "integrity": "sha512-91247RD8bKQXzRmXUS4zGT250mhw86+J9X8w2L2SGtRE7g0CvzjOETFaFmsDdaXPWv8T7L9iiM7kdcnnH3BH7w=="
    }
  }
}
